
Microsoft Visual Studio Solution File, Format Version 12.00
# Visual Studio Version 16
VisualStudioVersion = 16.0.30717.126
MinimumVisualStudioVersion = 10.0.40219.1
Project("{FAE04EC0-301F-11D3-BF4B-00C04F79EFBC}") = "buro", "buro\buro.csproj", "{07CCC87B-4DA9-41E2-A078-610A3534B029}"
EndProject
Global
	GlobalSection(SolutionConfigurationPlatforms) = preSolution
		Debug|Any CPU = Debug|Any CPU
		Release|Any CPU = Release|Any CPU
	EndGlobalSection
	GlobalSection(ProjectConfigurationPlatforms) = postSolution
		{07CCC87B-4DA9-41E2-A078-610A3534B029}.Debug|Any CPU.ActiveCfg = Debug|Any CPU
		{07CCC87B-4DA9-41E2-A078-610A3534B029}.Debug|Any CPU.Build.0 = Debug|Any CPU
		{07CCC87B-4DA9-41E2-A078-610A3534B029}.Release|Any CPU.ActiveCfg = Release|Any CPU
		{07CCC87B-4DA9-41E2-A078-610A3534B029}.Release|Any CPU.Build.0 = Release|Any CPU
	EndGlobalSection
	GlobalSection(SolutionProperties) = preSolution
		HideSolutionNode = FALSE
	EndGlobalSection
	GlobalSection(ExtensibilityGlobals) = postSolution
		SolutionGuid = {7DA33959-4AE0-4AD5-8630-822AB6EFD7B0}
	EndGlobalSection
EndGlobal
